// !$*UTF8*$!
{
	archiveVersion = 1;
	classes = {
	};
	objectVersion = 48;
	objects = {

/* Begin PBXBuildFile section */
		A848FDB320CF81050058D7C4 /* AppDelegate.swift in Sources */ = {isa = PBXBuildFile; fileRef = A848FDB220CF81050058D7C4 /* AppDelegate.swift */; };
		A848FDB520CF81050058D7C4 /* ViewController.swift in Sources */ = {isa = PBXBuildFile; fileRef = A848FDB420CF81050058D7C4 /* ViewController.swift */; };
		A848FDB820CF81050058D7C4 /* Main.storyboard in Resources */ = {isa = PBXBuildFile; fileRef = A848FDB620CF81050058D7C4 /* Main.storyboard */; };
		A848FDBA20CF81050058D7C4 /* Assets.xcassets in Resources */ = {isa = PBXBuildFile; fileRef = A848FDB920CF81050058D7C4 /* Assets.xcassets */; };
		A848FDBD20CF81050058D7C4 /* LaunchScreen.storyboard in Resources */ = {isa = PBXBuildFile; fileRef = A848FDBB20CF81050058D7C4 /* LaunchScreen.storyboard */; };
		A848FDC520CF8A970058D7C4 /* Inceptionv3.mlmodel in Sources */ = {isa = PBXBuildFile; fileRef = A848FDC420CF8A970058D7C4 /* Inceptionv3.mlmodel */; };
		A848FDCB20CF94E20058D7C4 /* GoogLeNetPlaces.mlmodel in Sources */ = {isa = PBXBuildFile; fileRef = A848FDCA20CF94E20058D7C4 /* GoogLeNetPlaces.mlmodel */; };
		A885880B20D0E9BD0047F959 /* RiceSoupClassifier.mlmodel in Sources */ = {isa = PBXBuildFile; fileRef = A885880A20D0E9BD0047F959 /* RiceSoupClassifier.mlmodel */; };
/* End PBXBuildFile section */

/* Begin PBXFileReference section */
		A848FDAF20CF81050058D7C4 /* CoreML1.app */ = {isa = PBXFileReference; explicitFileType = wrapper.application; includeInIndex = 0; path = CoreML1.app; sourceTree = BUILT_PRODUCTS_DIR; };
		A848FDB220CF81050058D7C4 /* AppDelegate.swift */ = {isa = PBXFileReference; lastKnownFileType = sourcecode.swift; path = AppDelegate.swift; sourceTree = "<group>"; };
		A848FDB420CF81050058D7C4 /* ViewController.swift */ = {isa = PBXFileReference; lastKnownFileType = sourcecode.swift; path = ViewController.swift; sourceTree = "<group>"; };
		A848FDB720CF81050058D7C4 /* Base */ = {isa = PBXFileReference; lastKnownFileType = file.storyboard; name = Base; path = Base.lproj/Main.storyboard; sourceTree = "<group>"; };
		A848FDB920CF81050058D7C4 /* Assets.xcassets */ = {isa = PBXFileReference; lastKnownFileType = folder.assetcatalog; path = Assets.xcassets; sourceTree = "<group>"; };
		A848FDBC20CF81050058D7C4 /* Base */ = {isa = PBXFileReference; lastKnownFileType = file.storyboard; name = Base; path = Base.lproj/LaunchScreen.storyboard; sourceTree = "<group>"; };
		A848FDBE20CF81050058D7C4 /* Info.plist */ = {isa = PBXFileReference; lastKnownFileType = text.plist.xml; path = Info.plist; sourceTree = "<group>"; };
		A848FDC420CF8A970058D7C4 /* Inceptionv3.mlmodel */ = {isa = PBXFileReference; lastKnownFileType = file.mlmodel; path = Inceptionv3.mlmodel; sourceTree = "<group>"; };
		A848FDCA20CF94E20058D7C4 /* GoogLeNetPlaces.mlmodel */ = {isa = PBXFileReference; lastKnownFileType = file.mlmodel; path = GoogLeNetPlaces.mlmodel; sourceTree = "<group>"; };
		A885880A20D0E9BD0047F959 /* RiceSoupClassifier.mlmodel */ = {isa = PBXFileReference; lastKnownFileType = file.mlmodel; name = RiceSoupClassifier.mlmodel; path = ../../MLClassifier/RiceSoupClassifier.mlmodel; sourceTree = "<group>"; };
/* End PBXFileReference section */

/* Begin PBXFrameworksBuildPhase section */
		A848FDAC20CF81050058D7C4 /* Frameworks */ = {
			isa = PBXFrameworksBuildPhase;
			buildActionMask = 2147483647;
			files = (
			);
			runOnlyForDeploymentPostprocessing = 0;
		};
/* End PBXFrameworksBuildPhase section */

/* Begin PBXGroup section */
		A848FDA620CF81050058D7C4 = {
			isa = PBXGroup;
			children = (
				A848FDB120CF81050058D7C4 /* CoreML1 */,
				A848FDB020CF81050058D7C4 /* Products */,
			);
			sourceTree = "<group>";
		};
		A848FDB020CF81050058D7C4 /* Products */ = {
			isa = PBXGroup;
			children = (
				A848FDAF20CF81050058D7C4 /* CoreML1.app */,
			);
			name = Products;
			sourceTree = "<group>";
		};
		A848FDB120CF81050058D7C4 /* CoreML1 */ = {
			isa = PBXGroup;
			children = (
				A885880A20D0E9BD0047F959 /* RiceSoupClassifier.mlmodel */,
				A848FDCA20CF94E20058D7C4 /* GoogLeNetPlaces.mlmodel */,
				A848FDC420CF8A970058D7C4 /* Inceptionv3.mlmodel */,
				A848FDB220CF81050058D7C4 /* AppDelegate.swift */,
				A848FDB420CF81050058D7C4 /* ViewController.swift */,
				A848FDB620CF81050058D7C4 /* Main.storyboard */,
				A848FDB920CF81050058D7C4 /* Assets.xcassets */,
				A848FDBB20CF81050058D7C4 /* LaunchScreen.storyboard */,
				A848FDBE20CF81050058D7C4 /* Info.plist */,
			);
			path = CoreML1;
			sourceTree = "<group>";
		};
/* End PBXGroup section */

/* Begin PBXNativeTarget section */
		A848FDAE20CF81050058D7C4 /* CoreML1 */ = {
			isa = PBXNativeTarget;
			buildConfigurationList = A848FDC120CF81050058D7C4 /* Build configuration list for PBXNativeTarget "CoreML1" */;
			buildPhases = (
				A848FDAB20CF81050058D7C4 /* Sources */,
				A848FDAC20CF81050058D7C4 /* Frameworks */,
				A848FDAD20CF81050058D7C4 /* Resources */,
			);
			buildRules = (
			);
			dependencies = (
			);
			name = CoreML1;
			productName = CoreML1;
			productReference = A848FDAF20CF81050058D7C4 /* CoreML1.app */;
			productType = "com.apple.product-type.application";
		};
/* End PBXNativeTarget section */

/* Begin PBXProject section */
		A848FDA720CF81050058D7C4 /* Project object */ = {
			isa = PBXProject;
			attributes = {
				LastSwiftUpdateCheck = 0920;
				LastUpgradeCheck = 0920;
				ORGANIZATIONNAME = "Parijat chandra";
				TargetAttributes = {
					A848FDAE20CF81050058D7C4 = {
						CreatedOnToolsVersion = 9.2;
						ProvisioningStyle = Automatic;
					};
				};
			};
			buildConfigurationList = A848FDAA20CF81050058D7C4 /* Build configuration list for PBXProject "CoreML1" */;
			compatibilityVersion = "Xcode 8.0";
			developmentRegion = en;
			hasScannedForEncodings = 0;
			knownRegions = (
				en,
				Base,
			);
			mainGroup = A848FDA620CF81050058D7C4;
			productRefGroup = A848FDB020CF81050058D7C4 /* Products */;
			projectDirPath = "";
			projectRoot = "";
			targets = (
				A848FDAE20CF81050058D7C4 /* CoreML1 */,
			);
		};
/* End PBXProject section */

/* Begin PBXResourcesBuildPhase section */
		A848FDAD20CF81050058D7C4 /* Resources */ = {
			isa = PBXResourcesBuildPhase;
			buildActionMask = 2147483647;
			files = (
				A848FDBD20CF81050058D7C4 /* LaunchScreen.storyboard in Resources */,
				A848FDBA20CF81050058D7C4 /* Assets.xcassets in Resources */,
				A848FDB820CF81050058D7C4 /* Main.storyboard in Resources */,
			);
			runOnlyForDeploymentPostprocessing = 0;
		};
/* End PBXResourcesBuildPhase section */

/* Begin PBXSourcesBuildPhase section */
		A848FDAB20CF81050058D7C4 /* Sources */ = {
			isa = PBXSourcesBuildPhase;
			buildActionMask = 2147483647;
			files = (
				A885880B20D0E9BD0047F959 /* RiceSoupClassifier.mlmodel in Sources */,
				A848FDB520CF81050058D7C4 /* ViewController.swift in Sources */,
				A848FDC520CF8A970058D7C4 /* Inceptionv3.mlmodel in Sources */,
				A848FDB320CF81050058D7C4 /* AppDelegate.swift in Sources */,
				A848FDCB20CF94E20058D7C4 /* GoogLeNetPlaces.mlmodel in Sources */,
			);
			runOnlyForDeploymentPostprocessing = 0;
		};
/* End PBXSourcesBuildPhase section */

/* Begin PBXVariantGroup section */
		A848FDB620CF81050058D7C4 /* Main.storyboard */ = {
			isa = PBXVariantGroup;
			children = (
				A848FDB720CF81050058D7C4 /* Base */,
			);
			name = Main.storyboard;
			sourceTree = "<group>";
		};
		A848FDBB20CF81050058D7C4 /* LaunchScreen.storyboard */ = {
			isa = PBXVariantGroup;
			children = (
				A848FDBC20CF81050058D7C4 /* Base */,
			);
			name = LaunchScreen.storyboard;
			sourceTree = "<group>";
		};
/* End PBXVariantGroup section */

/* Begin XCBuildConfiguration section */
		A848FDBF20CF81050058D7C4 /* Debug */ = {
			isa = XCBuildConfiguration;
			buildSettings = {
				ALWAYS_SEARCH_USER_PATHS = NO;
				CLANG_ANALYZER_NONNULL = YES;
				CLANG_ANALYZER_NUMBER_OBJECT_CONVERSION = YES_AGGRESSIVE;
				CLANG_CXX_LANGUAGE_STANDARD = "gnu++14";
				CLANG_CXX_LIBRARY = "libc++";
				CLANG_ENABLE_MODULES = YES;
				CLANG_ENABLE_OBJC_ARC = YES;
				CLANG_WARN_BLOCK_CAPTURE_AUTORELEASING = YES;
				CLANG_WARN_BOOL_CONVERSION = YES;
				CLANG_WARN_COMMA = YES;
				CLANG_WARN_CONSTANT_CONVERSION = YES;
				CLANG_WARN_DIRECT_OBJC_ISA_USAGE = YES_ERROR;
				CLANG_WARN_DOCUMENTATION_COMMENTS = YES;
				CLANG_WARN_EMPTY_BODY = YES;
				CLANG_WARN_ENUM_CONVERSION = YES;
				CLANG_WARN_INFINITE_RECURSION = YES;
				CLANG_WARN_INT_CONVERSION = YES;
				CLANG_WARN_NON_LITERAL_NULL_CONVERSION = YES;
				CLANG_WARN_OBJC_LITERAL_CONVERSION = YES;
				CLANG_WARN_OBJC_ROOT_CLASS = YES_ERROR;
				CLANG_WARN_RANGE_LOOP_ANALYSIS = YES;
				CLANG_WARN_STRICT_PROTOTYPES = YES;
				CLANG_WARN_SUSPICIOUS_MOVE = YES;
				CLANG_WARN_UNGUARDED_AVAILABILITY = YES_AGGRESSIVE;
				CLANG_WARN_UNREACHABLE_CODE = YES;
				CLANG_WARN__DUPLICATE_METHOD_MATCH = YES;
				CODE_SIGN_IDENTITY = "iPhone Developer";
				COPY_PHASE_STRIP = NO;
				DEBUG_INFORMATION_FORMAT = dwarf;
				ENABLE_STRICT_OBJC_MSGSEND = YES;
				ENABLE_TESTABILITY = YES;
				GCC_C_LANGUAGE_STANDARD = gnu11;
				GCC_DYNAMIC_NO_PIC = NO;
				GCC_NO_COMMON_BLOCKS = YES;
				GCC_OPTIMIZATION_LEVEL = 0;
				GCC_PREPROCESSOR_DEFINITIONS = (
					"DEBUG=1",
					"$(inherited)",
				);
				GCC_WARN_64_TO_32_BIT_CONVERSION = YES;
				GCC_WARN_ABOUT_RETURN_TYPE = YES_ERROR;
				GCC_WARN_UNDECLARED_SELECTOR = YES;
				GCC_WARN_UNINITIALIZED_AUTOS = YES_AGGRESSIVE;
				GCC_WARN_UNUSED_FUNCTION = YES;
				GCC_WARN_UNUSED_VARIABLE = YES;
				IPHONEOS_DEPLOYMENT_TARGET = 11.2;
				MTL_ENABLE_DEBUG_INFO = YES;
				ONLY_ACTIVE_ARCH = YES;
				SDKROOT = iphoneos;
				SWIFT_ACTIVE_COMPILATION_CONDITIONS = DEBUG;
				SWIFT_OPTIMIZATION_LEVEL = "-Onone";
			};
			name = Debug;
		};
		A848FDC020CF81050058D7C4 /* Release */ = {
			isa = XCBuildConfiguration;
			buildSettings = {
				ALWAYS_SEARCH_USER_PATHS = NO;
				CLANG_ANALYZER_NONNULL = YES;
				CLANG_ANALYZER_NUMBER_OBJECT_CONVERSION = YES_AGGRESSIVE;
				CLANG_CXX_LANGUAGE_STANDARD = "gnu++14";
				CLANG_CXX_LIBRARY = "libc++";
				CLANG_ENABLE_MODULES = YES;
				CLANG_ENABLE_OBJC_ARC = YES;
				CLANG_WARN_BLOCK_CAPTURE_AUTORELEASING = YES;
				CLANG_WARN_BOOL_CONVERSION = YES;
				CLANG_WARN_COMMA = YES;
				CLANG_WARN_CONSTANT_CONVERSION = YES;
				CLANG_WARN_DIRECT_OBJC_ISA_USAGE = YES_ERROR;
				CLANG_WARN_DOCUMENTATION_COMMENTS = YES;
				CLANG_WARN_EMPTY_BODY = YES;
				CLANG_WARN_ENUM_CONVERSION = YES;
				CLANG_WARN_INFINITE_RECURSION = YES;
				CLANG_WARN_INT_CONVERSION = YES;
				CLANG_WARN_NON_LITERAL_NULL_CONVERSION = YES;
				CLANG_WARN_OBJC_LITERAL_CONVERSION = YES;
				CLANG_WARN_OBJC_ROOT_CLASS = YES_ERROR;
				CLANG_WARN_RANGE_LOOP_ANALYSIS = YES;
				CLANG_WARN_STRICT_PROTOTYPES = YES;
				CLANG_WARN_SUSPICIOUS_MOVE = YES;
				CLANG_WARN_UNGUARDED_AVAILABILITY = YES_AGGRESSIVE;
				CLANG_WARN_UNREACHABLE_CODE = YES;
				CLANG_WARN__DUPLICATE_METHOD_MATCH = YES;
				CODE_SIGN_IDENTITY = "iPhone Developer";
				COPY_PHASE_STRIP = NO;
				DEBUG_INFORMATION_FORMAT = "dwarf-with-dsym";
				ENABLE_NS_ASSERTIONS = NO;
				ENABLE_STRICT_OBJC_MSGSEND = YES;
				GCC_C_LANGUAGE_STANDARD = gnu11;
				GCC_NO_COMMON_BLOCKS = YES;
				GCC_WARN_64_TO_32_BIT_CONVERSION = YES;
				GCC_WARN_ABOUT_RETURN_TYPE = YES_ERROR;
				GCC_WARN_UNDECLARED_SELECTOR = YES;
				GCC_WARN_UNINITIALIZED_AUTOS = YES_AGGRESSIVE;
				GCC_WARN_UNUSED_FUNCTION = YES;
				GCC_WARN_UNUSED_VARIABLE = YES;
				IPHONEOS_DEPLOYMENT_TARGET = 11.2;
				MTL_ENABLE_DEBUG_INFO = NO;
				SDKROOT = iphoneos;
				SWIFT_OPTIMIZATION_LEVEL = "-Owholemodule";
				VALIDATE_PRODUCT = YES;
			};
			name = Release;
		};
		A848FDC220CF81050058D7C4 /* Debug */ = {
			isa = XCBuildConfiguration;
			buildSettings = {
				ASSETCATALOG_COMPILER_APPICON_NAME = AppIcon;
				CODE_SIGN_IDENTITY = "iPhone Developer";
				CODE_SIGN_STYLE = Automatic;
				DEVELOPMENT_TEAM = WY955LPLRA;
				INFOPLIST_FILE = CoreML1/Info.plist;
				LD_RUNPATH_SEARCH_PATHS = "$(inherited) @executable_path/Frameworks";
				PRODUCT_BUNDLE_IDENTIFIER = com.dbsystel.jenkinstest;
				PRODUCT_NAME = "$(TARGET_NAME)";
				PROVISIONING_PROFILE = "";
				PROVISIONING_PROFILE_SPECIFIER = "";
				SWIFT_VERSION = 4.0;
				TARGETED_DEVICE_FAMILY = "1,2";
			};
			name = Debug;
		};
		A848FDC320CF81050058D7C4 /* Release */ = {
			isa = XCBuildConfiguration;
			buildSettings = {
				ASSETCATALOG_COMPILER_APPICON_NAME = AppIcon;
				CODE_SIGN_IDENTITY = "iPhone Developer";
				CODE_SIGN_STYLE = Automatic;
				DEVELOPMENT_TEAM = WY955LPLRA;
				INFOPLIST_FILE = CoreML1/Info.plist;
				LD_RUNPATH_SEARCH_PATHS = "$(inherited) @executable_path/Frameworks";
				PRODUCT_BUNDLE_IDENTIFIER = com.dbsystel.jenkinstest;
				PRODUCT_NAME = "$(TARGET_NAME)";
				PROVISIONING_PROFILE = "";
				PROVISIONING_PROFILE_SPECIFIER = "";
				SWIFT_VERSION = 4.0;
				TARGETED_DEVICE_FAMILY = "1,2";
			};
			name = Release;
		};
/* End XCBuildConfiguration section */

/* Begin XCConfigurationList section */
		A848FDAA20CF81050058D7C4 /* Build configuration list for PBXProject "CoreML1" */ = {
			isa = XCConfigurationList;
			buildConfigurations = (
				A848FDBF20CF81050058D7C4 /* Debug */,
				A848FDC020CF81050058D7C4 /* Release */,
			);
			defaultConfigurationIsVisible = 0;
			defaultConfigurationName = Release;
		};
		A848FDC120CF81050058D7C4 /* Build configuration list for PBXNativeTarget "CoreML1" */ = {
			isa = XCConfigurationList;
			buildConfigurations = (
				A848FDC220CF81050058D7C4 /* Debug */,
				A848FDC320CF81050058D7C4 /* Release */,
			);
			defaultConfigurationIsVisible = 0;
			defaultConfigurationName = Release;
		};
/* End XCConfigurationList section */
	};
	rootObject = A848FDA720CF81050058D7C4 /* Project object */;
}
